// !$*UTF8*$!
{
	archiveVersion = 1;
	classes = {
	};
	objectVersion = 56;
	objects = {

/* Begin PBXBuildFile section */
		6A7A8A8729851D99001C15A7 /* Peg.swift in Sources */ = {isa = PBXBuildFile; fileRef = 6A7A8A8629851D99001C15A7 /* Peg.swift */; };
		6A7A8A8A29857160001C15A7 /* BoardView.swift in Sources */ = {isa = PBXBuildFile; fileRef = 6A7A8A8929857160001C15A7 /* BoardView.swift */; };
		6A7A8A8C2985721E001C15A7 /* ControlPanelView.swift in Sources */ = {isa = PBXBuildFile; fileRef = 6A7A8A8B2985721E001C15A7 /* ControlPanelView.swift */; };
		6A7A8A8E29867AAB001C15A7 /* Board.swift in Sources */ = {isa = PBXBuildFile; fileRef = 6A7A8A8D29867AAB001C15A7 /* Board.swift */; };
		6A7A8A922986A71A001C15A7 /* BoardViewModel.swift in Sources */ = {isa = PBXBuildFile; fileRef = 6A7A8A912986A71A001C15A7 /* BoardViewModel.swift */; };
		6A7A8A942986E5E5001C15A7 /* PegViewModel.swift in Sources */ = {isa = PBXBuildFile; fileRef = 6A7A8A932986E5E5001C15A7 /* PegViewModel.swift */; };
		6A83B33729971EA100B893AE /* PhysicsWorld.swift in Sources */ = {isa = PBXBuildFile; fileRef = 6A83B33629971EA100B893AE /* PhysicsWorld.swift */; };
		6A83B33929971F5600B893AE /* Transform.swift in Sources */ = {isa = PBXBuildFile; fileRef = 6A83B33829971F5600B893AE /* Transform.swift */; };
		6A83B33B29971FD000B893AE /* Vector2.swift in Sources */ = {isa = PBXBuildFile; fileRef = 6A83B33A29971FD000B893AE /* Vector2.swift */; };
		6A83B33E2997215600B893AE /* Material.swift in Sources */ = {isa = PBXBuildFile; fileRef = 6A83B33D2997215600B893AE /* Material.swift */; };
		6A83B340299721DA00B893AE /* WorldObject.swift in Sources */ = {isa = PBXBuildFile; fileRef = 6A83B33F299721DA00B893AE /* WorldObject.swift */; };
		6A83B3422997220300B893AE /* RigidBody.swift in Sources */ = {isa = PBXBuildFile; fileRef = 6A83B3412997220300B893AE /* RigidBody.swift */; };
		6A83B3442997255900B893AE /* Collider.swift in Sources */ = {isa = PBXBuildFile; fileRef = 6A83B3432997255900B893AE /* Collider.swift */; };
		6A83B3462997296300B893AE /* ContactPoints.swift in Sources */ = {isa = PBXBuildFile; fileRef = 6A83B3452997296300B893AE /* ContactPoints.swift */; };
		6A83B3482997296E00B893AE /* Collision.swift in Sources */ = {isa = PBXBuildFile; fileRef = 6A83B3472997296E00B893AE /* Collision.swift */; };
		6A83B34A29974C6700B893AE /* SphereCollider.swift in Sources */ = {isa = PBXBuildFile; fileRef = 6A83B34929974C6700B893AE /* SphereCollider.swift */; };
		6A83B34C29974D4600B893AE /* BoxCollider.swift in Sources */ = {isa = PBXBuildFile; fileRef = 6A83B34B29974D4600B893AE /* BoxCollider.swift */; };
		6A83B34E29974D4F00B893AE /* PolygonCollider.swift in Sources */ = {isa = PBXBuildFile; fileRef = 6A83B34D29974D4F00B893AE /* PolygonCollider.swift */; };
		6A83B3502998C9AE00B893AE /* LineUtils.swift in Sources */ = {isa = PBXBuildFile; fileRef = 6A83B34F2998C9AE00B893AE /* LineUtils.swift */; };
		6A83B354299905E400B893AE /* ImpulseSolver.swift in Sources */ = {isa = PBXBuildFile; fileRef = 6A83B353299905E400B893AE /* ImpulseSolver.swift */; };
		6A83B356299905F000B893AE /* Solver.swift in Sources */ = {isa = PBXBuildFile; fileRef = 6A83B355299905F000B893AE /* Solver.swift */; };
		6AA2286F29811C2000823F43 /* PeggleApp.swift in Sources */ = {isa = PBXBuildFile; fileRef = 6AA2286E29811C2000823F43 /* PeggleApp.swift */; };
		6AA2287329811C2100823F43 /* Assets.xcassets in Resources */ = {isa = PBXBuildFile; fileRef = 6AA2287229811C2100823F43 /* Assets.xcassets */; };
		6AA2287729811C2100823F43 /* Preview Assets.xcassets in Resources */ = {isa = PBXBuildFile; fileRef = 6AA2287629811C2100823F43 /* Preview Assets.xcassets */; };
		6AA2288129811C2100823F43 /* PegTests.swift in Sources */ = {isa = PBXBuildFile; fileRef = 6AA2288029811C2100823F43 /* PegTests.swift */; };
		6AA2288B29811C2100823F43 /* PeggleUITests.swift in Sources */ = {isa = PBXBuildFile; fileRef = 6AA2288A29811C2100823F43 /* PeggleUITests.swift */; };
		6AA2288D29811C2100823F43 /* PeggleUITestsLaunchTests.swift in Sources */ = {isa = PBXBuildFile; fileRef = 6AA2288C29811C2100823F43 /* PeggleUITestsLaunchTests.swift */; };
		6ABACFF5298AB0B000DD500B /* BoardTests.swift in Sources */ = {isa = PBXBuildFile; fileRef = 6ABACFF4298AB0B000DD500B /* BoardTests.swift */; };
		6ABACFF7298AB3D900DD500B /* PegViewModelTests.swift in Sources */ = {isa = PBXBuildFile; fileRef = 6ABACFF6298AB3D900DD500B /* PegViewModelTests.swift */; };
		6ABACFF9298AB63D00DD500B /* BoardViewModelTests.swift in Sources */ = {isa = PBXBuildFile; fileRef = 6ABACFF8298AB63D00DD500B /* BoardViewModelTests.swift */; };
		6AD927F629884277004E7963 /* Levels.swift in Sources */ = {isa = PBXBuildFile; fileRef = 6AD927F529884277004E7963 /* Levels.swift */; };
		6AD927FC29891E0D004E7963 /* DataManager.swift in Sources */ = {isa = PBXBuildFile; fileRef = 6AD927FB29891E0D004E7963 /* DataManager.swift */; };
/* End PBXBuildFile section */

/* Begin PBXContainerItemProxy section */
		6AA2287D29811C2100823F43 /* PBXContainerItemProxy */ = {
			isa = PBXContainerItemProxy;
			containerPortal = 6AA2286329811C2000823F43 /* Project object */;
			proxyType = 1;
			remoteGlobalIDString = 6AA2286A29811C2000823F43;
			remoteInfo = Peggle;
		};
		6AA2288729811C2100823F43 /* PBXContainerItemProxy */ = {
			isa = PBXContainerItemProxy;
			containerPortal = 6AA2286329811C2000823F43 /* Project object */;
			proxyType = 1;
			remoteGlobalIDString = 6AA2286A29811C2000823F43;
			remoteInfo = Peggle;
		};
/* End PBXContainerItemProxy section */

/* Begin PBXFileReference section */
		6A7A8A8629851D99001C15A7 /* Peg.swift */ = {isa = PBXFileReference; lastKnownFileType = sourcecode.swift; path = Peg.swift; sourceTree = "<group>"; };
		6A7A8A8929857160001C15A7 /* BoardView.swift */ = {isa = PBXFileReference; lastKnownFileType = sourcecode.swift; path = BoardView.swift; sourceTree = "<group>"; };
		6A7A8A8B2985721E001C15A7 /* ControlPanelView.swift */ = {isa = PBXFileReference; lastKnownFileType = sourcecode.swift; path = ControlPanelView.swift; sourceTree = "<group>"; };
		6A7A8A8D29867AAB001C15A7 /* Board.swift */ = {isa = PBXFileReference; lastKnownFileType = sourcecode.swift; path = Board.swift; sourceTree = "<group>"; };
		6A7A8A912986A71A001C15A7 /* BoardViewModel.swift */ = {isa = PBXFileReference; lastKnownFileType = sourcecode.swift; path = BoardViewModel.swift; sourceTree = "<group>"; };
		6A7A8A932986E5E5001C15A7 /* PegViewModel.swift */ = {isa = PBXFileReference; lastKnownFileType = sourcecode.swift; path = PegViewModel.swift; sourceTree = "<group>"; };
		6A83B33629971EA100B893AE /* PhysicsWorld.swift */ = {isa = PBXFileReference; lastKnownFileType = sourcecode.swift; path = PhysicsWorld.swift; sourceTree = "<group>"; };
		6A83B33829971F5600B893AE /* Transform.swift */ = {isa = PBXFileReference; lastKnownFileType = sourcecode.swift; path = Transform.swift; sourceTree = "<group>"; };
		6A83B33A29971FD000B893AE /* Vector2.swift */ = {isa = PBXFileReference; lastKnownFileType = sourcecode.swift; path = Vector2.swift; sourceTree = "<group>"; };
		6A83B33D2997215600B893AE /* Material.swift */ = {isa = PBXFileReference; lastKnownFileType = sourcecode.swift; path = Material.swift; sourceTree = "<group>"; };
		6A83B33F299721DA00B893AE /* WorldObject.swift */ = {isa = PBXFileReference; lastKnownFileType = sourcecode.swift; path = WorldObject.swift; sourceTree = "<group>"; };
		6A83B3412997220300B893AE /* RigidBody.swift */ = {isa = PBXFileReference; lastKnownFileType = sourcecode.swift; path = RigidBody.swift; sourceTree = "<group>"; };
		6A83B3432997255900B893AE /* Collider.swift */ = {isa = PBXFileReference; lastKnownFileType = sourcecode.swift; path = Collider.swift; sourceTree = "<group>"; };
		6A83B3452997296300B893AE /* ContactPoints.swift */ = {isa = PBXFileReference; lastKnownFileType = sourcecode.swift; path = ContactPoints.swift; sourceTree = "<group>"; };
		6A83B3472997296E00B893AE /* Collision.swift */ = {isa = PBXFileReference; lastKnownFileType = sourcecode.swift; path = Collision.swift; sourceTree = "<group>"; };
		6A83B34929974C6700B893AE /* SphereCollider.swift */ = {isa = PBXFileReference; lastKnownFileType = sourcecode.swift; path = SphereCollider.swift; sourceTree = "<group>"; };
		6A83B34B29974D4600B893AE /* BoxCollider.swift */ = {isa = PBXFileReference; lastKnownFileType = sourcecode.swift; path = BoxCollider.swift; sourceTree = "<group>"; };
		6A83B34D29974D4F00B893AE /* PolygonCollider.swift */ = {isa = PBXFileReference; lastKnownFileType = sourcecode.swift; path = PolygonCollider.swift; sourceTree = "<group>"; };
		6A83B34F2998C9AE00B893AE /* LineUtils.swift */ = {isa = PBXFileReference; lastKnownFileType = sourcecode.swift; path = LineUtils.swift; sourceTree = "<group>"; };
		6A83B353299905E400B893AE /* ImpulseSolver.swift */ = {isa = PBXFileReference; lastKnownFileType = sourcecode.swift; path = ImpulseSolver.swift; sourceTree = "<group>"; };
		6A83B355299905F000B893AE /* Solver.swift */ = {isa = PBXFileReference; lastKnownFileType = sourcecode.swift; path = Solver.swift; sourceTree = "<group>"; };
		6AA2286B29811C2000823F43 /* Peggle.app */ = {isa = PBXFileReference; explicitFileType = wrapper.application; includeInIndex = 0; path = Peggle.app; sourceTree = BUILT_PRODUCTS_DIR; };
		6AA2286E29811C2000823F43 /* PeggleApp.swift */ = {isa = PBXFileReference; lastKnownFileType = sourcecode.swift; path = PeggleApp.swift; sourceTree = "<group>"; };
		6AA2287229811C2100823F43 /* Assets.xcassets */ = {isa = PBXFileReference; lastKnownFileType = folder.assetcatalog; path = Assets.xcassets; sourceTree = "<group>"; };
		6AA2287429811C2100823F43 /* Peggle.entitlements */ = {isa = PBXFileReference; lastKnownFileType = text.plist.entitlements; path = Peggle.entitlements; sourceTree = "<group>"; };
		6AA2287629811C2100823F43 /* Preview Assets.xcassets */ = {isa = PBXFileReference; lastKnownFileType = folder.assetcatalog; path = "Preview Assets.xcassets"; sourceTree = "<group>"; };
		6AA2287C29811C2100823F43 /* PeggleTests.xctest */ = {isa = PBXFileReference; explicitFileType = wrapper.cfbundle; includeInIndex = 0; path = PeggleTests.xctest; sourceTree = BUILT_PRODUCTS_DIR; };
		6AA2288029811C2100823F43 /* PegTests.swift */ = {isa = PBXFileReference; lastKnownFileType = sourcecode.swift; path = PegTests.swift; sourceTree = "<group>"; };
		6AA2288629811C2100823F43 /* PeggleUITests.xctest */ = {isa = PBXFileReference; explicitFileType = wrapper.cfbundle; includeInIndex = 0; path = PeggleUITests.xctest; sourceTree = BUILT_PRODUCTS_DIR; };
		6AA2288A29811C2100823F43 /* PeggleUITests.swift */ = {isa = PBXFileReference; lastKnownFileType = sourcecode.swift; path = PeggleUITests.swift; sourceTree = "<group>"; };
		6AA2288C29811C2100823F43 /* PeggleUITestsLaunchTests.swift */ = {isa = PBXFileReference; lastKnownFileType = sourcecode.swift; path = PeggleUITestsLaunchTests.swift; sourceTree = "<group>"; };
		6ABACFF4298AB0B000DD500B /* BoardTests.swift */ = {isa = PBXFileReference; lastKnownFileType = sourcecode.swift; path = BoardTests.swift; sourceTree = "<group>"; };
		6ABACFF6298AB3D900DD500B /* PegViewModelTests.swift */ = {isa = PBXFileReference; lastKnownFileType = sourcecode.swift; path = PegViewModelTests.swift; sourceTree = "<group>"; };
		6ABACFF8298AB63D00DD500B /* BoardViewModelTests.swift */ = {isa = PBXFileReference; lastKnownFileType = sourcecode.swift; path = BoardViewModelTests.swift; sourceTree = "<group>"; };
		6AD927F529884277004E7963 /* Levels.swift */ = {isa = PBXFileReference; lastKnownFileType = sourcecode.swift; path = Levels.swift; sourceTree = "<group>"; };
		6AD927FB29891E0D004E7963 /* DataManager.swift */ = {isa = PBXFileReference; lastKnownFileType = sourcecode.swift; path = DataManager.swift; sourceTree = "<group>"; };
/* End PBXFileReference section */

/* Begin PBXFrameworksBuildPhase section */
		6AA2286829811C2000823F43 /* Frameworks */ = {
			isa = PBXFrameworksBuildPhase;
			buildActionMask = 2147483647;
			files = (
			);
			runOnlyForDeploymentPostprocessing = 0;
		};
		6AA2287929811C2100823F43 /* Frameworks */ = {
			isa = PBXFrameworksBuildPhase;
			buildActionMask = 2147483647;
			files = (
			);
			runOnlyForDeploymentPostprocessing = 0;
		};
		6AA2288329811C2100823F43 /* Frameworks */ = {
			isa = PBXFrameworksBuildPhase;
			buildActionMask = 2147483647;
			files = (
			);
			runOnlyForDeploymentPostprocessing = 0;
		};
/* End PBXFrameworksBuildPhase section */

/* Begin PBXGroup section */
		6A7A8A8529851C77001C15A7 /* Models */ = {
			isa = PBXGroup;
			children = (
				6A7A8A8629851D99001C15A7 /* Peg.swift */,
				6A7A8A8D29867AAB001C15A7 /* Board.swift */,
				6AD927F529884277004E7963 /* Levels.swift */,
			);
			path = Models;
			sourceTree = "<group>";
		};
		6A7A8A8829857101001C15A7 /* Views */ = {
			isa = PBXGroup;
			children = (
				6A7A8A8B2985721E001C15A7 /* ControlPanelView.swift */,
				6A7A8A8929857160001C15A7 /* BoardView.swift */,
			);
			path = Views;
			sourceTree = "<group>";
		};
		6A7A8A902986A69F001C15A7 /* View Models */ = {
			isa = PBXGroup;
			children = (
				6A7A8A912986A71A001C15A7 /* BoardViewModel.swift */,
				6A7A8A932986E5E5001C15A7 /* PegViewModel.swift */,
			);
			path = "View Models";
			sourceTree = "<group>";
		};
		6A83B33529971E8300B893AE /* PhysicsEngine */ = {
			isa = PBXGroup;
			children = (
				6A83B33C299720A400B893AE /* 2D */,
			);
			path = PhysicsEngine;
			sourceTree = "<group>";
		};
		6A83B33C299720A400B893AE /* 2D */ = {
			isa = PBXGroup;
			children = (
				6A83B352299905DA00B893AE /* Solvers */,
				6A83B351299905B800B893AE /* Colliders */,
				6A83B33629971EA100B893AE /* PhysicsWorld.swift */,
				6A83B33829971F5600B893AE /* Transform.swift */,
				6A83B33A29971FD000B893AE /* Vector2.swift */,
				6A83B33D2997215600B893AE /* Material.swift */,
				6A83B33F299721DA00B893AE /* WorldObject.swift */,
				6A83B3412997220300B893AE /* RigidBody.swift */,
				6A83B3452997296300B893AE /* ContactPoints.swift */,
				6A83B3472997296E00B893AE /* Collision.swift */,
				6A83B34F2998C9AE00B893AE /* LineUtils.swift */,
			);
			path = 2D;
			sourceTree = "<group>";
		};
		6A83B351299905B800B893AE /* Colliders */ = {
			isa = PBXGroup;
			children = (
				6A83B3432997255900B893AE /* Collider.swift */,
				6A83B34929974C6700B893AE /* SphereCollider.swift */,
				6A83B34B29974D4600B893AE /* BoxCollider.swift */,
				6A83B34D29974D4F00B893AE /* PolygonCollider.swift */,
			);
			path = Colliders;
			sourceTree = "<group>";
		};
		6A83B352299905DA00B893AE /* Solvers */ = {
			isa = PBXGroup;
			children = (
				6A83B353299905E400B893AE /* ImpulseSolver.swift */,
				6A83B355299905F000B893AE /* Solver.swift */,
			);
			path = Solvers;
			sourceTree = "<group>";
		};
		6AA2286229811C2000823F43 = {
			isa = PBXGroup;
			children = (
				6A83B33529971E8300B893AE /* PhysicsEngine */,
				6AA2286D29811C2000823F43 /* Peggle */,
				6AA2287F29811C2100823F43 /* PeggleTests */,
				6AA2288929811C2100823F43 /* PeggleUITests */,
				6AA2286C29811C2000823F43 /* Products */,
			);
			sourceTree = "<group>";
		};
		6AA2286C29811C2000823F43 /* Products */ = {
			isa = PBXGroup;
			children = (
				6AA2286B29811C2000823F43 /* Peggle.app */,
				6AA2287C29811C2100823F43 /* PeggleTests.xctest */,
				6AA2288629811C2100823F43 /* PeggleUITests.xctest */,
			);
			name = Products;
			sourceTree = "<group>";
		};
		6AA2286D29811C2000823F43 /* Peggle */ = {
			isa = PBXGroup;
			children = (
				6A7A8A902986A69F001C15A7 /* View Models */,
				6A7A8A8829857101001C15A7 /* Views */,
				6A7A8A8529851C77001C15A7 /* Models */,
				6AA2286E29811C2000823F43 /* PeggleApp.swift */,
				6AA2287229811C2100823F43 /* Assets.xcassets */,
				6AA2287429811C2100823F43 /* Peggle.entitlements */,
				6AA2287529811C2100823F43 /* Preview Content */,
				6AD927FB29891E0D004E7963 /* DataManager.swift */,
			);
			path = Peggle;
			sourceTree = "<group>";
		};
		6AA2287529811C2100823F43 /* Preview Content */ = {
			isa = PBXGroup;
			children = (
				6AA2287629811C2100823F43 /* Preview Assets.xcassets */,
			);
			path = "Preview Content";
			sourceTree = "<group>";
		};
		6AA2287F29811C2100823F43 /* PeggleTests */ = {
			isa = PBXGroup;
			children = (
				6AA2288029811C2100823F43 /* PegTests.swift */,
				6ABACFF4298AB0B000DD500B /* BoardTests.swift */,
				6ABACFF6298AB3D900DD500B /* PegViewModelTests.swift */,
				6ABACFF8298AB63D00DD500B /* BoardViewModelTests.swift */,
			);
			path = PeggleTests;
			sourceTree = "<group>";
		};
		6AA2288929811C2100823F43 /* PeggleUITests */ = {
			isa = PBXGroup;
			children = (
				6AA2288A29811C2100823F43 /* PeggleUITests.swift */,
				6AA2288C29811C2100823F43 /* PeggleUITestsLaunchTests.swift */,
			);
			path = PeggleUITests;
			sourceTree = "<group>";
		};
/* End PBXGroup section */

/* Begin PBXNativeTarget section */
		6AA2286A29811C2000823F43 /* Peggle */ = {
			isa = PBXNativeTarget;
			buildConfigurationList = 6AA2289029811C2100823F43 /* Build configuration list for PBXNativeTarget "Peggle" */;
			buildPhases = (
				6AA2286729811C2000823F43 /* Sources */,
				6AA2286829811C2000823F43 /* Frameworks */,
				6AA2286929811C2000823F43 /* Resources */,
				6AA228992981225D00823F43 /* ShellScript */,
			);
			buildRules = (
			);
			dependencies = (
			);
			name = Peggle;
			productName = Peggle;
			productReference = 6AA2286B29811C2000823F43 /* Peggle.app */;
			productType = "com.apple.product-type.application";
		};
		6AA2287B29811C2100823F43 /* PeggleTests */ = {
			isa = PBXNativeTarget;
			buildConfigurationList = 6AA2289329811C2100823F43 /* Build configuration list for PBXNativeTarget "PeggleTests" */;
			buildPhases = (
				6AA2287829811C2100823F43 /* Sources */,
				6AA2287929811C2100823F43 /* Frameworks */,
				6AA2287A29811C2100823F43 /* Resources */,
			);
			buildRules = (
			);
			dependencies = (
				6AA2287E29811C2100823F43 /* PBXTargetDependency */,
			);
			name = PeggleTests;
			productName = PeggleTests;
			productReference = 6AA2287C29811C2100823F43 /* PeggleTests.xctest */;
			productType = "com.apple.product-type.bundle.unit-test";
		};
		6AA2288529811C2100823F43 /* PeggleUITests */ = {
			isa = PBXNativeTarget;
			buildConfigurationList = 6AA2289629811C2100823F43 /* Build configuration list for PBXNativeTarget "PeggleUITests" */;
			buildPhases = (
				6AA2288229811C2100823F43 /* Sources */,
				6AA2288329811C2100823F43 /* Frameworks */,
				6AA2288429811C2100823F43 /* Resources */,
			);
			buildRules = (
			);
			dependencies = (
				6AA2288829811C2100823F43 /* PBXTargetDependency */,
			);
			name = PeggleUITests;
			productName = PeggleUITests;
			productReference = 6AA2288629811C2100823F43 /* PeggleUITests.xctest */;
			productType = "com.apple.product-type.bundle.ui-testing";
		};
/* End PBXNativeTarget section */

/* Begin PBXProject section */
		6AA2286329811C2000823F43 /* Project object */ = {
			isa = PBXProject;
			attributes = {
				BuildIndependentTargetsInParallel = 1;
				LastSwiftUpdateCheck = 1420;
				LastUpgradeCheck = 1420;
				TargetAttributes = {
					6AA2286A29811C2000823F43 = {
						CreatedOnToolsVersion = 14.2;
					};
					6AA2287B29811C2100823F43 = {
						CreatedOnToolsVersion = 14.2;
						TestTargetID = 6AA2286A29811C2000823F43;
					};
					6AA2288529811C2100823F43 = {
						CreatedOnToolsVersion = 14.2;
						TestTargetID = 6AA2286A29811C2000823F43;
					};
				};
			};
			buildConfigurationList = 6AA2286629811C2000823F43 /* Build configuration list for PBXProject "Peggle" */;
			compatibilityVersion = "Xcode 14.0";
			developmentRegion = en;
			hasScannedForEncodings = 0;
			knownRegions = (
				en,
				Base,
			);
			mainGroup = 6AA2286229811C2000823F43;
			productRefGroup = 6AA2286C29811C2000823F43 /* Products */;
			projectDirPath = "";
			projectRoot = "";
			targets = (
				6AA2286A29811C2000823F43 /* Peggle */,
				6AA2287B29811C2100823F43 /* PeggleTests */,
				6AA2288529811C2100823F43 /* PeggleUITests */,
			);
		};
/* End PBXProject section */

/* Begin PBXResourcesBuildPhase section */
		6AA2286929811C2000823F43 /* Resources */ = {
			isa = PBXResourcesBuildPhase;
			buildActionMask = 2147483647;
			files = (
				6AA2287729811C2100823F43 /* Preview Assets.xcassets in Resources */,
				6AA2287329811C2100823F43 /* Assets.xcassets in Resources */,
			);
			runOnlyForDeploymentPostprocessing = 0;
		};
		6AA2287A29811C2100823F43 /* Resources */ = {
			isa = PBXResourcesBuildPhase;
			buildActionMask = 2147483647;
			files = (
			);
			runOnlyForDeploymentPostprocessing = 0;
		};
		6AA2288429811C2100823F43 /* Resources */ = {
			isa = PBXResourcesBuildPhase;
			buildActionMask = 2147483647;
			files = (
			);
			runOnlyForDeploymentPostprocessing = 0;
		};
/* End PBXResourcesBuildPhase section */

/* Begin PBXShellScriptBuildPhase section */
		6AA228992981225D00823F43 /* ShellScript */ = {
			isa = PBXShellScriptBuildPhase;
			alwaysOutOfDate = 1;
			buildActionMask = 2147483647;
			files = (
			);
			inputFileListPaths = (
			);
			inputPaths = (
			);
			outputFileListPaths = (
			);
			outputPaths = (
			);
			runOnlyForDeploymentPostprocessing = 0;
			shellPath = /bin/sh;
			shellScript = "if which swiftlint >/dev/null; then\n  swiftlint\nelse\n  echo \"warning: SwiftLint not installed, download from https://github.com/realm/SwiftLint\"\nfi\n";
		};
/* End PBXShellScriptBuildPhase section */

/* Begin PBXSourcesBuildPhase section */
		6AA2286729811C2000823F43 /* Sources */ = {
			isa = PBXSourcesBuildPhase;
			buildActionMask = 2147483647;
			files = (
				6A83B33E2997215600B893AE /* Material.swift in Sources */,
				6A83B33929971F5600B893AE /* Transform.swift in Sources */,
				6A83B356299905F000B893AE /* Solver.swift in Sources */,
				6A83B3462997296300B893AE /* ContactPoints.swift in Sources */,
				6A83B33B29971FD000B893AE /* Vector2.swift in Sources */,
				6A83B34E29974D4F00B893AE /* PolygonCollider.swift in Sources */,
				6A7A8A8729851D99001C15A7 /* Peg.swift in Sources */,
				6A7A8A8A29857160001C15A7 /* BoardView.swift in Sources */,
				6A83B33729971EA100B893AE /* PhysicsWorld.swift in Sources */,
				6A7A8A8E29867AAB001C15A7 /* Board.swift in Sources */,
				6A83B3502998C9AE00B893AE /* LineUtils.swift in Sources */,
				6A83B3442997255900B893AE /* Collider.swift in Sources */,
				6A7A8A942986E5E5001C15A7 /* PegViewModel.swift in Sources */,
				6A83B3482997296E00B893AE /* Collision.swift in Sources */,
				6A83B3422997220300B893AE /* RigidBody.swift in Sources */,
				6A7A8A8C2985721E001C15A7 /* ControlPanelView.swift in Sources */,
				6AA2286F29811C2000823F43 /* PeggleApp.swift in Sources */,
				6AD927F629884277004E7963 /* Levels.swift in Sources */,
				6A83B34C29974D4600B893AE /* BoxCollider.swift in Sources */,
				6AD927FC29891E0D004E7963 /* DataManager.swift in Sources */,
				6A7A8A922986A71A001C15A7 /* BoardViewModel.swift in Sources */,
				6A83B354299905E400B893AE /* ImpulseSolver.swift in Sources */,
				6A83B340299721DA00B893AE /* WorldObject.swift in Sources */,
				6A83B34A29974C6700B893AE /* SphereCollider.swift in Sources */,
			);
			runOnlyForDeploymentPostprocessing = 0;
		};
		6AA2287829811C2100823F43 /* Sources */ = {
			isa = PBXSourcesBuildPhase;
			buildActionMask = 2147483647;
			files = (
				6ABACFF7298AB3D900DD500B /* PegViewModelTests.swift in Sources */,
				6ABACFF5298AB0B000DD500B /* BoardTests.swift in Sources */,
				6AA2288129811C2100823F43 /* PegTests.swift in Sources */,
				6ABACFF9298AB63D00DD500B /* BoardViewModelTests.swift in Sources */,
			);
			runOnlyForDeploymentPostprocessing = 0;
		};
		6AA2288229811C2100823F43 /* Sources */ = {
			isa = PBXSourcesBuildPhase;
			buildActionMask = 2147483647;
			files = (
				6AA2288D29811C2100823F43 /* PeggleUITestsLaunchTests.swift in Sources */,
				6AA2288B29811C2100823F43 /* PeggleUITests.swift in Sources */,
			);
			runOnlyForDeploymentPostprocessing = 0;
		};
/* End PBXSourcesBuildPhase section */

/* Begin PBXTargetDependency section */
		6AA2287E29811C2100823F43 /* PBXTargetDependency */ = {
			isa = PBXTargetDependency;
			target = 6AA2286A29811C2000823F43 /* Peggle */;
			targetProxy = 6AA2287D29811C2100823F43 /* PBXContainerItemProxy */;
		};
		6AA2288829811C2100823F43 /* PBXTargetDependency */ = {
			isa = PBXTargetDependency;
			target = 6AA2286A29811C2000823F43 /* Peggle */;
			targetProxy = 6AA2288729811C2100823F43 /* PBXContainerItemProxy */;
		};
/* End PBXTargetDependency section */

/* Begin XCBuildConfiguration section */
		6AA2288E29811C2100823F43 /* Debug */ = {
			isa = XCBuildConfiguration;
			buildSettings = {
				ALWAYS_SEARCH_USER_PATHS = NO;
				CLANG_ANALYZER_NONNULL = YES;
				CLANG_ANALYZER_NUMBER_OBJECT_CONVERSION = YES_AGGRESSIVE;
				CLANG_CXX_LANGUAGE_STANDARD = "gnu++20";
				CLANG_ENABLE_MODULES = YES;
				CLANG_ENABLE_OBJC_ARC = YES;
				CLANG_ENABLE_OBJC_WEAK = YES;
				CLANG_WARN_BLOCK_CAPTURE_AUTORELEASING = YES;
				CLANG_WARN_BOOL_CONVERSION = YES;
				CLANG_WARN_COMMA = YES;
				CLANG_WARN_CONSTANT_CONVERSION = YES;
				CLANG_WARN_DEPRECATED_OBJC_IMPLEMENTATIONS = YES;
				CLANG_WARN_DIRECT_OBJC_ISA_USAGE = YES_ERROR;
				CLANG_WARN_DOCUMENTATION_COMMENTS = YES;
				CLANG_WARN_EMPTY_BODY = YES;
				CLANG_WARN_ENUM_CONVERSION = YES;
				CLANG_WARN_INFINITE_RECURSION = YES;
				CLANG_WARN_INT_CONVERSION = YES;
				CLANG_WARN_NON_LITERAL_NULL_CONVERSION = YES;
				CLANG_WARN_OBJC_IMPLICIT_RETAIN_SELF = YES;
				CLANG_WARN_OBJC_LITERAL_CONVERSION = YES;
				CLANG_WARN_OBJC_ROOT_CLASS = YES_ERROR;
				CLANG_WARN_QUOTED_INCLUDE_IN_FRAMEWORK_HEADER = YES;
				CLANG_WARN_RANGE_LOOP_ANALYSIS = YES;
				CLANG_WARN_STRICT_PROTOTYPES = YES;
				CLANG_WARN_SUSPICIOUS_MOVE = YES;
				CLANG_WARN_UNGUARDED_AVAILABILITY = YES_AGGRESSIVE;
				CLANG_WARN_UNREACHABLE_CODE = YES;
				CLANG_WARN__DUPLICATE_METHOD_MATCH = YES;
				COPY_PHASE_STRIP = NO;
				DEBUG_INFORMATION_FORMAT = dwarf;
				ENABLE_STRICT_OBJC_MSGSEND = YES;
				ENABLE_TESTABILITY = YES;
				GCC_C_LANGUAGE_STANDARD = gnu11;
				GCC_DYNAMIC_NO_PIC = NO;
				GCC_NO_COMMON_BLOCKS = YES;
				GCC_OPTIMIZATION_LEVEL = 0;
				GCC_PREPROCESSOR_DEFINITIONS = (
					"DEBUG=1",
					"$(inherited)",
				);
				GCC_WARN_64_TO_32_BIT_CONVERSION = YES;
				GCC_WARN_ABOUT_RETURN_TYPE = YES_ERROR;
				GCC_WARN_UNDECLARED_SELECTOR = YES;
				GCC_WARN_UNINITIALIZED_AUTOS = YES_AGGRESSIVE;
				GCC_WARN_UNUSED_FUNCTION = YES;
				GCC_WARN_UNUSED_VARIABLE = YES;
				MTL_ENABLE_DEBUG_INFO = INCLUDE_SOURCE;
				MTL_FAST_MATH = YES;
				ONLY_ACTIVE_ARCH = YES;
				SWIFT_ACTIVE_COMPILATION_CONDITIONS = DEBUG;
				SWIFT_OPTIMIZATION_LEVEL = "-Onone";
			};
			name = Debug;
		};
		6AA2288F29811C2100823F43 /* Release */ = {
			isa = XCBuildConfiguration;
			buildSettings = {
				ALWAYS_SEARCH_USER_PATHS = NO;
				CLANG_ANALYZER_NONNULL = YES;
				CLANG_ANALYZER_NUMBER_OBJECT_CONVERSION = YES_AGGRESSIVE;
				CLANG_CXX_LANGUAGE_STANDARD = "gnu++20";
				CLANG_ENABLE_MODULES = YES;
				CLANG_ENABLE_OBJC_ARC = YES;
				CLANG_ENABLE_OBJC_WEAK = YES;
				CLANG_WARN_BLOCK_CAPTURE_AUTORELEASING = YES;
				CLANG_WARN_BOOL_CONVERSION = YES;
				CLANG_WARN_COMMA = YES;
				CLANG_WARN_CONSTANT_CONVERSION = YES;
				CLANG_WARN_DEPRECATED_OBJC_IMPLEMENTATIONS = YES;
				CLANG_WARN_DIRECT_OBJC_ISA_USAGE = YES_ERROR;
				CLANG_WARN_DOCUMENTATION_COMMENTS = YES;
				CLANG_WARN_EMPTY_BODY = YES;
				CLANG_WARN_ENUM_CONVERSION = YES;
				CLANG_WARN_INFINITE_RECURSION = YES;
				CLANG_WARN_INT_CONVERSION = YES;
				CLANG_WARN_NON_LITERAL_NULL_CONVERSION = YES;
				CLANG_WARN_OBJC_IMPLICIT_RETAIN_SELF = YES;
				CLANG_WARN_OBJC_LITERAL_CONVERSION = YES;
				CLANG_WARN_OBJC_ROOT_CLASS = YES_ERROR;
				CLANG_WARN_QUOTED_INCLUDE_IN_FRAMEWORK_HEADER = YES;
				CLANG_WARN_RANGE_LOOP_ANALYSIS = YES;
				CLANG_WARN_STRICT_PROTOTYPES = YES;
				CLANG_WARN_SUSPICIOUS_MOVE = YES;
				CLANG_WARN_UNGUARDED_AVAILABILITY = YES_AGGRESSIVE;
				CLANG_WARN_UNREACHABLE_CODE = YES;
				CLANG_WARN__DUPLICATE_METHOD_MATCH = YES;
				COPY_PHASE_STRIP = NO;
				DEBUG_INFORMATION_FORMAT = "dwarf-with-dsym";
				ENABLE_NS_ASSERTIONS = NO;
				ENABLE_STRICT_OBJC_MSGSEND = YES;
				GCC_C_LANGUAGE_STANDARD = gnu11;
				GCC_NO_COMMON_BLOCKS = YES;
				GCC_WARN_64_TO_32_BIT_CONVERSION = YES;
				GCC_WARN_ABOUT_RETURN_TYPE = YES_ERROR;
				GCC_WARN_UNDECLARED_SELECTOR = YES;
				GCC_WARN_UNINITIALIZED_AUTOS = YES_AGGRESSIVE;
				GCC_WARN_UNUSED_FUNCTION = YES;
				GCC_WARN_UNUSED_VARIABLE = YES;
				MTL_ENABLE_DEBUG_INFO = NO;
				MTL_FAST_MATH = YES;
				SWIFT_COMPILATION_MODE = wholemodule;
				SWIFT_OPTIMIZATION_LEVEL = "-O";
			};
			name = Release;
		};
		6AA2289129811C2100823F43 /* Debug */ = {
			isa = XCBuildConfiguration;
			buildSettings = {
				ASSETCATALOG_COMPILER_APPICON_NAME = AppIcon;
				ASSETCATALOG_COMPILER_GLOBAL_ACCENT_COLOR_NAME = AccentColor;
				CODE_SIGN_ENTITLEMENTS = Peggle/Peggle.entitlements;
				CODE_SIGN_STYLE = Automatic;
				CURRENT_PROJECT_VERSION = 1;
				DEVELOPMENT_ASSET_PATHS = "\"Peggle/Preview Content\"";
				DEVELOPMENT_TEAM = JCPCC5956V;
				ENABLE_HARDENED_RUNTIME = YES;
				ENABLE_PREVIEWS = YES;
				GENERATE_INFOPLIST_FILE = YES;
				"INFOPLIST_KEY_UIApplicationSceneManifest_Generation[sdk=iphoneos*]" = YES;
				"INFOPLIST_KEY_UIApplicationSceneManifest_Generation[sdk=iphonesimulator*]" = YES;
				"INFOPLIST_KEY_UIApplicationSupportsIndirectInputEvents[sdk=iphoneos*]" = YES;
				"INFOPLIST_KEY_UIApplicationSupportsIndirectInputEvents[sdk=iphonesimulator*]" = YES;
				"INFOPLIST_KEY_UILaunchScreen_Generation[sdk=iphoneos*]" = YES;
				"INFOPLIST_KEY_UILaunchScreen_Generation[sdk=iphonesimulator*]" = YES;
				"INFOPLIST_KEY_UIStatusBarStyle[sdk=iphoneos*]" = UIStatusBarStyleDefault;
				"INFOPLIST_KEY_UIStatusBarStyle[sdk=iphonesimulator*]" = UIStatusBarStyleDefault;
				INFOPLIST_KEY_UISupportedInterfaceOrientations_iPad = "UIInterfaceOrientationPortrait UIInterfaceOrientationPortraitUpsideDown UIInterfaceOrientationLandscapeLeft UIInterfaceOrientationLandscapeRight";
				INFOPLIST_KEY_UISupportedInterfaceOrientations_iPhone = "UIInterfaceOrientationPortrait UIInterfaceOrientationLandscapeLeft UIInterfaceOrientationLandscapeRight";
				IPHONEOS_DEPLOYMENT_TARGET = 16.2;
				LD_RUNPATH_SEARCH_PATHS = "@executable_path/Frameworks";
				"LD_RUNPATH_SEARCH_PATHS[sdk=macosx*]" = "@executable_path/../Frameworks";
				MACOSX_DEPLOYMENT_TARGET = 13.1;
				MARKETING_VERSION = 1.0;
				PRODUCT_BUNDLE_IDENTIFIER = Personal.Peggle;
				PRODUCT_NAME = "$(TARGET_NAME)";
				SDKROOT = auto;
				SUPPORTED_PLATFORMS = "iphoneos iphonesimulator macosx";
				SWIFT_EMIT_LOC_STRINGS = YES;
				SWIFT_VERSION = 5.0;
				TARGETED_DEVICE_FAMILY = "1,2";
			};
			name = Debug;
		};
		6AA2289229811C2100823F43 /* Release */ = {
			isa = XCBuildConfiguration;
			buildSettings = {
				ASSETCATALOG_COMPILER_APPICON_NAME = AppIcon;
				ASSETCATALOG_COMPILER_GLOBAL_ACCENT_COLOR_NAME = AccentColor;
				CODE_SIGN_ENTITLEMENTS = Peggle/Peggle.entitlements;
				CODE_SIGN_STYLE = Automatic;
				CURRENT_PROJECT_VERSION = 1;
				DEVELOPMENT_ASSET_PATHS = "\"Peggle/Preview Content\"";
				DEVELOPMENT_TEAM = JCPCC5956V;
				ENABLE_HARDENED_RUNTIME = YES;
				ENABLE_PREVIEWS = YES;
				GENERATE_INFOPLIST_FILE = YES;
				"INFOPLIST_KEY_UIApplicationSceneManifest_Generation[sdk=iphoneos*]" = YES;
				"INFOPLIST_KEY_UIApplicationSceneManifest_Generation[sdk=iphonesimulator*]" = YES;
				"INFOPLIST_KEY_UIApplicationSupportsIndirectInputEvents[sdk=iphoneos*]" = YES;
				"INFOPLIST_KEY_UIApplicationSupportsIndirectInputEvents[sdk=iphonesimulator*]" = YES;
				"INFOPLIST_KEY_UILaunchScreen_Generation[sdk=iphoneos*]" = YES;
				"INFOPLIST_KEY_UILaunchScreen_Generation[sdk=iphonesimulator*]" = YES;
				"INFOPLIST_KEY_UIStatusBarStyle[sdk=iphoneos*]" = UIStatusBarStyleDefault;
				"INFOPLIST_KEY_UIStatusBarStyle[sdk=iphonesimulator*]" = UIStatusBarStyleDefault;
				INFOPLIST_KEY_UISupportedInterfaceOrientations_iPad = "UIInterfaceOrientationPortrait UIInterfaceOrientationPortraitUpsideDown UIInterfaceOrientationLandscapeLeft UIInterfaceOrientationLandscapeRight";
				INFOPLIST_KEY_UISupportedInterfaceOrientations_iPhone = "UIInterfaceOrientationPortrait UIInterfaceOrientationLandscapeLeft UIInterfaceOrientationLandscapeRight";
				IPHONEOS_DEPLOYMENT_TARGET = 16.2;
				LD_RUNPATH_SEARCH_PATHS = "@executable_path/Frameworks";
				"LD_RUNPATH_SEARCH_PATHS[sdk=macosx*]" = "@executable_path/../Frameworks";
				MACOSX_DEPLOYMENT_TARGET = 13.1;
				MARKETING_VERSION = 1.0;
				PRODUCT_BUNDLE_IDENTIFIER = Personal.Peggle;
				PRODUCT_NAME = "$(TARGET_NAME)";
				SDKROOT = auto;
				SUPPORTED_PLATFORMS = "iphoneos iphonesimulator macosx";
				SWIFT_EMIT_LOC_STRINGS = YES;
				SWIFT_VERSION = 5.0;
				TARGETED_DEVICE_FAMILY = "1,2";
			};
			name = Release;
		};
		6AA2289429811C2100823F43 /* Debug */ = {
			isa = XCBuildConfiguration;
			buildSettings = {
				ALWAYS_EMBED_SWIFT_STANDARD_LIBRARIES = YES;
				BUNDLE_LOADER = "$(TEST_HOST)";
				CODE_SIGN_STYLE = Automatic;
				CURRENT_PROJECT_VERSION = 1;
				DEVELOPMENT_TEAM = JCPCC5956V;
				GENERATE_INFOPLIST_FILE = YES;
				IPHONEOS_DEPLOYMENT_TARGET = 16.2;
				MACOSX_DEPLOYMENT_TARGET = 13.1;
				MARKETING_VERSION = 1.0;
				PRODUCT_BUNDLE_IDENTIFIER = Personal.PeggleTests;
				PRODUCT_NAME = "$(TARGET_NAME)";
				SDKROOT = auto;
				SUPPORTED_PLATFORMS = "iphoneos iphonesimulator macosx";
				SWIFT_EMIT_LOC_STRINGS = NO;
				SWIFT_VERSION = 5.0;
				TARGETED_DEVICE_FAMILY = "1,2";
				TEST_HOST = "$(BUILT_PRODUCTS_DIR)/Peggle.app/$(BUNDLE_EXECUTABLE_FOLDER_PATH)/Peggle";
			};
			name = Debug;
		};
		6AA2289529811C2100823F43 /* Release */ = {
			isa = XCBuildConfiguration;
			buildSettings = {
				ALWAYS_EMBED_SWIFT_STANDARD_LIBRARIES = YES;
				BUNDLE_LOADER = "$(TEST_HOST)";
				CODE_SIGN_STYLE = Automatic;
				CURRENT_PROJECT_VERSION = 1;
				DEVELOPMENT_TEAM = JCPCC5956V;
				GENERATE_INFOPLIST_FILE = YES;
				IPHONEOS_DEPLOYMENT_TARGET = 16.2;
				MACOSX_DEPLOYMENT_TARGET = 13.1;
				MARKETING_VERSION = 1.0;
				PRODUCT_BUNDLE_IDENTIFIER = Personal.PeggleTests;
				PRODUCT_NAME = "$(TARGET_NAME)";
				SDKROOT = auto;
				SUPPORTED_PLATFORMS = "iphoneos iphonesimulator macosx";
				SWIFT_EMIT_LOC_STRINGS = NO;
				SWIFT_VERSION = 5.0;
				TARGETED_DEVICE_FAMILY = "1,2";
				TEST_HOST = "$(BUILT_PRODUCTS_DIR)/Peggle.app/$(BUNDLE_EXECUTABLE_FOLDER_PATH)/Peggle";
			};
			name = Release;
		};
		6AA2289729811C2100823F43 /* Debug */ = {
			isa = XCBuildConfiguration;
			buildSettings = {
				ALWAYS_EMBED_SWIFT_STANDARD_LIBRARIES = YES;
				CODE_SIGN_STYLE = Automatic;
				CURRENT_PROJECT_VERSION = 1;
				DEVELOPMENT_TEAM = JCPCC5956V;
				GENERATE_INFOPLIST_FILE = YES;
				IPHONEOS_DEPLOYMENT_TARGET = 16.2;
				MACOSX_DEPLOYMENT_TARGET = 13.1;
				MARKETING_VERSION = 1.0;
				PRODUCT_BUNDLE_IDENTIFIER = Personal.PeggleUITests;
				PRODUCT_NAME = "$(TARGET_NAME)";
				SDKROOT = auto;
				SUPPORTED_PLATFORMS = "iphoneos iphonesimulator macosx";
				SWIFT_EMIT_LOC_STRINGS = NO;
				SWIFT_VERSION = 5.0;
				TARGETED_DEVICE_FAMILY = "1,2";
				TEST_TARGET_NAME = Peggle;
			};
			name = Debug;
		};
		6AA2289829811C2100823F43 /* Release */ = {
			isa = XCBuildConfiguration;
			buildSettings = {
				ALWAYS_EMBED_SWIFT_STANDARD_LIBRARIES = YES;
				CODE_SIGN_STYLE = Automatic;
				CURRENT_PROJECT_VERSION = 1;
				DEVELOPMENT_TEAM = JCPCC5956V;
				GENERATE_INFOPLIST_FILE = YES;
				IPHONEOS_DEPLOYMENT_TARGET = 16.2;
				MACOSX_DEPLOYMENT_TARGET = 13.1;
				MARKETING_VERSION = 1.0;
				PRODUCT_BUNDLE_IDENTIFIER = Personal.PeggleUITests;
				PRODUCT_NAME = "$(TARGET_NAME)";
				SDKROOT = auto;
				SUPPORTED_PLATFORMS = "iphoneos iphonesimulator macosx";
				SWIFT_EMIT_LOC_STRINGS = NO;
				SWIFT_VERSION = 5.0;
				TARGETED_DEVICE_FAMILY = "1,2";
				TEST_TARGET_NAME = Peggle;
			};
			name = Release;
		};
/* End XCBuildConfiguration section */

/* Begin XCConfigurationList section */
		6AA2286629811C2000823F43 /* Build configuration list for PBXProject "Peggle" */ = {
			isa = XCConfigurationList;
			buildConfigurations = (
				6AA2288E29811C2100823F43 /* Debug */,
				6AA2288F29811C2100823F43 /* Release */,
			);
			defaultConfigurationIsVisible = 0;
			defaultConfigurationName = Release;
		};
		6AA2289029811C2100823F43 /* Build configuration list for PBXNativeTarget "Peggle" */ = {
			isa = XCConfigurationList;
			buildConfigurations = (
				6AA2289129811C2100823F43 /* Debug */,
				6AA2289229811C2100823F43 /* Release */,
			);
			defaultConfigurationIsVisible = 0;
			defaultConfigurationName = Release;
		};
		6AA2289329811C2100823F43 /* Build configuration list for PBXNativeTarget "PeggleTests" */ = {
			isa = XCConfigurationList;
			buildConfigurations = (
				6AA2289429811C2100823F43 /* Debug */,
				6AA2289529811C2100823F43 /* Release */,
			);
			defaultConfigurationIsVisible = 0;
			defaultConfigurationName = Release;
		};
		6AA2289629811C2100823F43 /* Build configuration list for PBXNativeTarget "PeggleUITests" */ = {
			isa = XCConfigurationList;
			buildConfigurations = (
				6AA2289729811C2100823F43 /* Debug */,
				6AA2289829811C2100823F43 /* Release */,
			);
			defaultConfigurationIsVisible = 0;
			defaultConfigurationName = Release;
		};
/* End XCConfigurationList section */
	};
	rootObject = 6AA2286329811C2000823F43 /* Project object */;
}
